<?xml version="1.0" encoding="utf-8"?>
<Project ToolsVersion="4.0" xmlns="http://schemas.microsoft.com/developer/msbuild/2003">
  <ItemGroup>
    <Filter Include="Source Files">
      <UniqueIdentifier>{4FC737F1-C7A5-4376-A066-2A32D752A2FF}</UniqueIdentifier>
      <Extensions>cpp;c;cc;cxx;def;odl;idl;hpj;bat;asm;asmx</Extensions>
    </Filter>
    <Filter Include="Source Files\JStd">
      <UniqueIdentifier>{d478086b-7e31-4b6b-b6db-1acebe005989}</UniqueIdentifier>
    </Filter>
    <Filter Include="Header Files">
      <UniqueIdentifier>{93995380-89BD-4b04-88EB-625FBE52EBFB}</UniqueIdentifier>
      <Extensions>h;hpp;hxx;hm;inl;inc;xsd</Extensions>
    </Filter>
    <Filter Include="Header Files\JStd">
      <UniqueIdentifier>{eef26606-3ab3-4796-bc9c-43e1e687a69c}</UniqueIdentifier>
    </Filter>
    <Filter Include="Resource Files">
      <UniqueIdentifier>{67DA6AB6-F800-4c08-8B7A-83BB121AAD01}</UniqueIdentifier>
      <Extensions>rc;ico;cur;bmp;dlg;rc2;rct;bin;rgs;gif;jpg;jpeg;jpe;resx;tiff;tif;png;wav</Extensions>
    </Filter>
  </ItemGroup>
  <ItemGroup>
    <ClCompile Include="Stars.cpp">
      <Filter>Source Files</Filter>
    </ClCompile>
    <ClCompile Include="StarsDlg.cpp">
      <Filter>Source Files</Filter>
    </ClCompile>
    <ClCompile Include="StarsWnd.cpp">
      <Filter>Source Files</Filter>
    </ClCompile>
    <ClCompile Include="stdafx.cpp">
      <Filter>Source Files</Filter>
    </ClCompile>
    <ClCompile Include="jstd\JStd.cpp">
      <Filter>Source Files\JStd</Filter>
    </ClCompile>
    <ClCompile Include="jstd\Threading.cpp">
      <Filter>Source Files\JStd</Filter>
    </ClCompile>
    <ClCompile Include="jstd\JGraphics.cpp">
      <Filter>Source Files\JStd</Filter>
    </ClCompile>
    <ClCompile Include="jstd\JWnd.cpp">
      <Filter>Source Files</Filter>
    </ClCompile>
  </ItemGroup>
  <ItemGroup>
    <ClInclude Include="Resource.h">
      <Filter>Header Files</Filter>
    </ClInclude>
    <ClInclude Include="Stars.h">
      <Filter>Header Files</Filter>
    </ClInclude>
    <ClInclude Include="StarsDlg.h">
      <Filter>Header Files</Filter>
    </ClInclude>
    <ClInclude Include="StarsWnd.h">
      <Filter>Header Files</Filter>
    </ClInclude>
    <ClInclude Include="stdafx.h">
      <Filter>Header Files</Filter>
    </ClInclude>
    <ClInclude Include="targetver.h">
      <Filter>Header Files</Filter>
    </ClInclude>
    <ClInclude Include="jstd\JStd.h">
      <Filter>Header Files\JStd</Filter>
    </ClInclude>
    <ClInclude Include="jstd\Threading.h">
      <Filter>Header Files\JStd</Filter>
    </ClInclude>
    <ClInclude Include="jstd\JGraphics.h">
      <Filter>Header Files\JStd</Filter>
    </ClInclude>
    <ClInclude Include="jstd\JWnd.h">
      <Filter>Header Files</Filter>
    </ClInclude>
  </ItemGroup>
  <ItemGroup>
    <Image Include="res\Stars.ico">
      <Filter>Resource Files</Filter>
    </Image>
  </ItemGroup>
  <ItemGroup>
    <ResourceCompile Include="Stars.rc">
      <Filter>Resource Files</Filter>
    </ResourceCompile>
  </ItemGroup>
  <ItemGroup>
    <None Include="res\Stars.rc2">
      <Filter>Resource Files</Filter>
    </None>
  </ItemGroup>
  <ItemGroup>
    <Text Include="ReadMe.txt" />
  </ItemGroup>
</Project>